{
	"name": "playwright-project",
	"version": "1.0.0",
	"lockfileVersion": 3,
	"requires": true,
	"packages": {
		"": {
			"name": "playwright-project",
			"version": "1.0.0",
			"hasInstallScript": true,
			"license": "ISC",
			"dependencies": {
				"@playwright/test": "^1.51.1",
				"papaparse": "^5.5.2",
				"playwright": "^1.51.1"
			},
			"devDependencies": {
				"@types/papaparse": "^5.3.15",
				"prettier": "^3.0.0",
				"typescript": "^4.0.0"
			}
		},
		"node_modules/@playwright/test": {
			"version": "1.51.1",
			"resolved": "https://registry.npmjs.org/@playwright/test/-/test-1.51.1.tgz",
			"integrity": "sha512-nM+kEaTSAoVlXmMPH10017vn3FSiFqr/bh4fKg9vmAdMfd9SDqRZNvPSiAHADc/itWak+qPvMPZQOPwCBW7k7Q==",
			"license": "Apache-2.0",
			"dependencies": {
				"playwright": "1.51.1"
			},
			"bin": {
				"playwright": "cli.js"
			},
			"engines": {
				"node": ">=18"
			}
		},
		"node_modules/@types/node": {
			"version": "22.13.14",
			"resolved": "https://registry.npmjs.org/@types/node/-/node-22.13.14.tgz",
			"integrity": "sha512-Zs/Ollc1SJ8nKUAgc7ivOEdIBM8JAKgrqqUYi2J997JuKO7/tpQC+WCetQ1sypiKCQWHdvdg9wBNpUPEWZae7w==",
			"dev": true,
			"license": "MIT",
			"dependencies": {
				"undici-types": "~6.20.0"
			}
		},
		"node_modules/@types/papaparse": {
			"version": "5.3.15",
			"resolved": "https://registry.npmjs.org/@types/papaparse/-/papaparse-5.3.15.tgz",
			"integrity": "sha512-JHe6vF6x/8Z85nCX4yFdDslN11d+1pr12E526X8WAfhadOeaOTx5AuIkvDKIBopfvlzpzkdMx4YyvSKCM9oqtw==",
			"dev": true,
			"license": "MIT",
			"dependencies": {
				"@types/node": "*"
			}
		},
		"node_modules/fsevents": {
			"version": "2.3.2",
			"resolved": "https://registry.npmjs.org/fsevents/-/fsevents-2.3.2.tgz",
			"integrity": "sha512-xiqMQR4xAeHTuB9uWm+fFRcIOgKBMiOBP+eXiyT7jsgVCq1bkVygt00oASowB7EdtpOHaaPgKt812P9ab+DDKA==",
			"hasInstallScript": true,
			"license": "MIT",
			"optional": true,
			"os": [
				"darwin"
			],
			"engines": {
				"node": "^8.16.0 || ^10.6.0 || >=11.0.0"
			}
		},
		"node_modules/papaparse": {
			"version": "5.5.2",
			"resolved": "https://registry.npmjs.org/papaparse/-/papaparse-5.5.2.tgz",
			"integrity": "sha512-PZXg8UuAc4PcVwLosEEDYjPyfWnTEhOrUfdv+3Bx+NuAb+5NhDmXzg5fHWmdCh1mP5p7JAZfFr3IMQfcntNAdA==",
			"license": "MIT"
		},
		"node_modules/playwright": {
			"version": "1.51.1",
			"resolved": "https://registry.npmjs.org/playwright/-/playwright-1.51.1.tgz",
			"integrity": "sha512-kkx+MB2KQRkyxjYPc3a0wLZZoDczmppyGJIvQ43l+aZihkaVvmu/21kiyaHeHjiFxjxNNFnUncKmcGIyOojsaw==",
			"license": "Apache-2.0",
			"dependencies": {
				"playwright-core": "1.51.1"
			},
			"bin": {
				"playwright": "cli.js"
			},
			"engines": {
				"node": ">=18"
			},
			"optionalDependencies": {
				"fsevents": "2.3.2"
			}
		},
		"node_modules/playwright-core": {
			"version": "1.51.1",
			"resolved": "https://registry.npmjs.org/playwright-core/-/playwright-core-1.51.1.tgz",
			"integrity": "sha512-/crRMj8+j/Nq5s8QcvegseuyeZPxpQCZb6HNk3Sos3BlZyAknRjoyJPFWkpNn8v0+P3WiwqFF8P+zQo4eqiNuw==",
			"license": "Apache-2.0",
			"bin": {
				"playwright-core": "cli.js"
			},
			"engines": {
				"node": ">=18"
			}
		},
		"node_modules/prettier": {
			"version": "3.5.3",
			"resolved": "https://registry.npmjs.org/prettier/-/prettier-3.5.3.tgz",
			"integrity": "sha512-QQtaxnoDJeAkDvDKWCLiwIXkTgRhwYDEQCghU9Z6q03iyek/rxRh/2lC3HB7P8sWT2xC/y5JDctPLBIGzHKbhw==",
			"dev": true,
			"license": "MIT",
			"bin": {
				"prettier": "bin/prettier.cjs"
			},
			"engines": {
				"node": ">=14"
			},
			"funding": {
				"url": "https://github.com/prettier/prettier?sponsor=1"
			}
		},
		"node_modules/typescript": {
			"version": "4.9.5",
			"resolved": "https://registry.npmjs.org/typescript/-/typescript-4.9.5.tgz",
			"integrity": "sha512-1FXk9E2Hm+QzZQ7z+McJiHL4NW1F2EzMu9Nq9i3zAaGqibafqYwCVU6WyWAuyQRRzOlxou8xZSyXLEN8oKj24g==",
			"dev": true,
			"license": "Apache-2.0",
			"bin": {
				"tsc": "bin/tsc",
				"tsserver": "bin/tsserver"
			},
			"engines": {
				"node": ">=4.2.0"
			}
		},
		"node_modules/undici-types": {
			"version": "6.20.0",
			"resolved": "https://registry.npmjs.org/undici-types/-/undici-types-6.20.0.tgz",
			"integrity": "sha512-Ny6QZ2Nju20vw1SRHe3d9jVu6gJ+4e3+MMpqu7pqE5HT6WsTSlce++GQmK5UXS8mzV8DSYHrQH+Xrf2jVcuKNg==",
			"dev": true,
			"license": "MIT"
		}
	}
}
